{
  "name": "smart-slugify",
  "version": "1.0.0",
  "lockfileVersion": 3,
  "requires": true,
  "packages": {
    "": {
      "name": "smart-slugify",
      "version": "1.0.0",
      "license": "MIT",
      "dependencies": {
        "smart-slugify": "^1.0.0"
      }
    },
    "node_modules/smart-slugify": {
      "version": "1.0.0",
      "resolved": "https://registry.npmjs.org/smart-slugify/-/smart-slugify-1.0.0.tgz",
      "integrity": "sha512-RCLToNGAfS67qmsmNwnYFRY7YcK5a6a+9+0vvqon+GLDQv1PpeQvsOviyq/gGH1DO0ae5idyMRmz3eXSSj7+QQ==",
      "license": "MIT"
    }
  }
}
